
Microsoft Visual Studio Solution File, Format Version 12.00
# Visual Studio 15
VisualStudioVersion = 15.0.28010.2036
MinimumVisualStudioVersion = 10.0.40219.1
Project("{8BC9CEB8-8B4A-11D0-8D11-00A0C91BC942}") = "WordsFrequency", "WordsFrequency\WordsFrequency.vcxproj", "{03188D14-A72F-4C8D-AE8C-639D1D4F51BD}"
EndProject
Global
	GlobalSection(SolutionConfigurationPlatforms) = preSolution
		Debug|x64 = Debug|x64
		Debug|x86 = Debug|x86
		Release|x64 = Release|x64
		Release|x86 = Release|x86
	EndGlobalSection
	GlobalSection(ProjectConfigurationPlatforms) = postSolution
		{03188D14-A72F-4C8D-AE8C-639D1D4F51BD}.Debug|x64.ActiveCfg = Debug|x64
		{03188D14-A72F-4C8D-AE8C-639D1D4F51BD}.Debug|x64.Build.0 = Debug|x64
		{03188D14-A72F-4C8D-AE8C-639D1D4F51BD}.Debug|x86.ActiveCfg = Debug|Win32
		{03188D14-A72F-4C8D-AE8C-639D1D4F51BD}.Debug|x86.Build.0 = Debug|Win32
		{03188D14-A72F-4C8D-AE8C-639D1D4F51BD}.Release|x64.ActiveCfg = Release|x64
		{03188D14-A72F-4C8D-AE8C-639D1D4F51BD}.Release|x64.Build.0 = Release|x64
		{03188D14-A72F-4C8D-AE8C-639D1D4F51BD}.Release|x86.ActiveCfg = Release|Win32
		{03188D14-A72F-4C8D-AE8C-639D1D4F51BD}.Release|x86.Build.0 = Release|Win32
	EndGlobalSection
	GlobalSection(SolutionProperties) = preSolution
		HideSolutionNode = FALSE
	EndGlobalSection
	GlobalSection(ExtensibilityGlobals) = postSolution
		SolutionGuid = {8A9DE625-C372-4510-8950-77D7C3CC39C0}
	EndGlobalSection
EndGlobal
